{
  "name": "angry-birds",
  "version": "1.0.0",
  "lockfileVersion": 1,
  "requires": true,
  "dependencies": {
    "framesync": {
      "version": "3.1.9",
      "resolved": "https://registry.npmjs.org/framesync/-/framesync-3.1.9.tgz",
      "integrity": "sha512-avNik/k8Wy0r+A2LkoS+4mBb9PoamhBni2u64gRgs5kc1YrApshw6vDL0tqWxdqcUOXSSg6gI9oN0l0GN/FFjA=="
    },
    "popmotion": {
      "version": "8.1.24",
      "resolved": "https://registry.npmjs.org/popmotion/-/popmotion-8.1.24.tgz",
      "integrity": "sha512-Q4FO/TCMdfqlHwzhl0g+2Dolr5Zx3Qr/H5D3nXv2478ndbg0kF6gqMra34v/yK3KQP51extHpxOvibocV6DRiw==",
      "requires": {
        "framesync": "^3.1.7",
        "style-value-types": "^1.0.4",
        "stylefire": "^1.2.9"
      }
    },
    "style-value-types": {
      "version": "1.0.10",
      "resolved": "https://registry.npmjs.org/style-value-types/-/style-value-types-1.0.10.tgz",
      "integrity": "sha512-RFnSnkqp9GHoUUdlwYxVdmZ4uCpT0E3HqXVGIW7dCewx+ZjS7t+E/Z7XV4DD8gBQCD+GtaGzH+ZlkG1k53PHAg=="
    },
    "stylefire": {
      "version": "1.2.15",
      "resolved": "https://registry.npmjs.org/stylefire/-/stylefire-1.2.15.tgz",
      "integrity": "sha512-09EITXX5jhJry1c5xNqvPZCB4HDAOqN90/CAuIogSXJxiNUXNJk/A7nVNVzCMugZnZnuf8Nw/V6k64PdUDDuCQ==",
      "requires": {
        "framesync": "^3.0.2",
        "style-value-types": "^1.0.4"
      }
    },
    "tslib": {
      "version": "2.3.1",
      "resolved": "https://registry.npmjs.org/tslib/-/tslib-2.3.1.tgz",
      "integrity": "sha512-77EbyPPpMz+FRFRuAFlWMtmgUWGe9UOG2Z25NqCwiIjRhOf5iKGuzSe5P2w1laq+FkRy4p+PCuVkJSGkzTEKVw=="
    }
  }
}
